{
  "nodes": {
    "flakeNimbleLib": {
      "inputs": {
        "nixpkgs": [
          "nixpkgs"
        ]
      },
      "locked": {
        "lastModified": 1662018438,
        "narHash": "sha256-QtNtU6+LX3Wokxf0zlFwKTFOcn6TeDjKQZ+DA9OYtvM=",
        "owner": "riinr",
        "repo": "nim-flakes-lib",
        "rev": "b1fe8340736e3a85d25c709ac3dfd82a55c03cbf",
        "type": "github"
      },
      "original": {
        "owner": "riinr",
        "ref": "master",
        "repo": "nim-flakes-lib",
        "type": "github"
      }
    },
    "nixpkgs": {
      "locked": {
        "lastModified": 1667110639,
        "narHash": "sha256-4FbPESZ5LbqQxkJJJBAfk/zKgF9h/4kyUwjjpJwYlbc=",
        "owner": "NixOS",
        "repo": "nixpkgs",
        "rev": "f38a1f04d1bec1feb61fd101a0539ae2002a7087",
        "type": "github"
      },
      "original": {
        "id": "nixpkgs",
        "type": "indirect"
      }
    },
    "root": {
      "inputs": {
        "flakeNimbleLib": "flakeNimbleLib",
        "nixpkgs": "nixpkgs",
        "variantsugar-master": "variantsugar-master",
        "variantsugar-v0_1_0": "variantsugar-v0_1_0"
      }
    },
    "src-variantsugar-master": {
      "flake": false,
      "locked": {
        "lastModified": 1645281491,
        "narHash": "sha256-UzWrq4moQqq1wg0OsZ2F4v7dhae4b4943bfy5TbotMQ=",
        "owner": "metagn",
        "repo": "variantsugar",
        "rev": "19f26b1b41ff0993e2cb84d5ccbdf9c784cfec44",
        "type": "github"
      },
      "original": {
        "owner": "metagn",
        "ref": "refs/heads/master",
        "repo": "variantsugar",
        "type": "github"
      }
    },
    "src-variantsugar-v0_1_0": {
      "flake": false,
      "locked": {
        "lastModified": 1645281491,
        "narHash": "sha256-UzWrq4moQqq1wg0OsZ2F4v7dhae4b4943bfy5TbotMQ=",
        "owner": "metagn",
        "repo": "variantsugar",
        "rev": "19f26b1b41ff0993e2cb84d5ccbdf9c784cfec44",
        "type": "github"
      },
      "original": {
        "owner": "metagn",
        "ref": "refs/tags/v0.1.0",
        "repo": "variantsugar",
        "type": "github"
      }
    },
    "variantsugar-master": {
      "inputs": {
        "flakeNimbleLib": [
          "flakeNimbleLib"
        ],
        "nixpkgs": [
          "nixpkgs"
        ],
        "src-variantsugar-master": "src-variantsugar-master"
      },
      "locked": {
        "dir": "master",
        "lastModified": 1662254922,
        "narHash": "sha256-s4gFsFID67bvsJyHh4YqkcF3mavX7V8H3uF9daLVoaw=",
        "owner": "nim-nix-pkgs",
        "repo": "variantsugar",
        "rev": "3df9e2368d200da8cfc4608229ab5a54050b0f5b",
        "type": "github"
      },
      "original": {
        "dir": "master",
        "owner": "nim-nix-pkgs",
        "ref": "master",
        "repo": "variantsugar",
        "type": "github"
      }
    },
    "variantsugar-v0_1_0": {
      "inputs": {
        "flakeNimbleLib": [
          "flakeNimbleLib"
        ],
        "nixpkgs": [
          "nixpkgs"
        ],
        "src-variantsugar-v0_1_0": "src-variantsugar-v0_1_0"
      },
      "locked": {
        "dir": "v0_1_0",
        "lastModified": 1662254922,
        "narHash": "sha256-s4gFsFID67bvsJyHh4YqkcF3mavX7V8H3uF9daLVoaw=",
        "owner": "nim-nix-pkgs",
        "repo": "variantsugar",
        "rev": "3df9e2368d200da8cfc4608229ab5a54050b0f5b",
        "type": "github"
      },
      "original": {
        "dir": "v0_1_0",
        "owner": "nim-nix-pkgs",
        "ref": "master",
        "repo": "variantsugar",
        "type": "github"
      }
    }
  },
  "root": "root",
  "version": 7
}
